
Microsoft Visual Studio Solution File, Format Version 12.00
# Visual Studio Version 17
VisualStudioVersion = 17.7.34221.43
MinimumVisualStudioVersion = 10.0.40219.1
Project("{FAE04EC0-301F-11D3-BF4B-00C04F79EFBC}") = "ar", "ar\ar.csproj", "{261A7B33-6D2D-489B-92CA-942BABF3D630}"
EndProject
Global
	GlobalSection(SolutionConfigurationPlatforms) = preSolution
		Debug|Any CPU = Debug|Any CPU
		Release|Any CPU = Release|Any CPU
	EndGlobalSection
	GlobalSection(ProjectConfigurationPlatforms) = postSolution
		{261A7B33-6D2D-489B-92CA-942BABF3D630}.Debug|Any CPU.ActiveCfg = Debug|Any CPU
		{261A7B33-6D2D-489B-92CA-942BABF3D630}.Debug|Any CPU.Build.0 = Debug|Any CPU
		{261A7B33-6D2D-489B-92CA-942BABF3D630}.Release|Any CPU.ActiveCfg = Release|Any CPU
		{261A7B33-6D2D-489B-92CA-942BABF3D630}.Release|Any CPU.Build.0 = Release|Any CPU
	EndGlobalSection
	GlobalSection(SolutionProperties) = preSolution
		HideSolutionNode = FALSE
	EndGlobalSection
	GlobalSection(ExtensibilityGlobals) = postSolution
		SolutionGuid = {482DBF2E-4ED5-4871-BEF4-C054BFA596AB}
	EndGlobalSection
EndGlobal
